
Microsoft Visual Studio Solution File, Format Version 12.00
# Visual Studio Version 16
VisualStudioVersion = 16.0.31605.320
MinimumVisualStudioVersion = 10.0.40219.1
Project("{8BC9CEB8-8B4A-11D0-8D11-00A0C91BC942}") = "SK-Lib-cstdarg-va_copy-Bagian3__CPP", "SK-Lib-cstdarg-va_copy-Bagian3__CPP\SK-Lib-cstdarg-va_copy-Bagian3__CPP.vcxproj", "{9F463EA4-0744-4C11-9900-AB50A452905D}"
EndProject
Global
	GlobalSection(SolutionConfigurationPlatforms) = preSolution
		Debug|x64 = Debug|x64
		Debug|x86 = Debug|x86
		Release|x64 = Release|x64
		Release|x86 = Release|x86
	EndGlobalSection
	GlobalSection(ProjectConfigurationPlatforms) = postSolution
		{9F463EA4-0744-4C11-9900-AB50A452905D}.Debug|x64.ActiveCfg = Debug|x64
		{9F463EA4-0744-4C11-9900-AB50A452905D}.Debug|x64.Build.0 = Debug|x64
		{9F463EA4-0744-4C11-9900-AB50A452905D}.Debug|x86.ActiveCfg = Debug|Win32
		{9F463EA4-0744-4C11-9900-AB50A452905D}.Debug|x86.Build.0 = Debug|Win32
		{9F463EA4-0744-4C11-9900-AB50A452905D}.Release|x64.ActiveCfg = Release|x64
		{9F463EA4-0744-4C11-9900-AB50A452905D}.Release|x64.Build.0 = Release|x64
		{9F463EA4-0744-4C11-9900-AB50A452905D}.Release|x86.ActiveCfg = Release|Win32
		{9F463EA4-0744-4C11-9900-AB50A452905D}.Release|x86.Build.0 = Release|Win32
	EndGlobalSection
	GlobalSection(SolutionProperties) = preSolution
		HideSolutionNode = FALSE
	EndGlobalSection
	GlobalSection(ExtensibilityGlobals) = postSolution
		SolutionGuid = {E1CE5C98-4C63-43B3-A0D3-F16CA4C234C2}
	EndGlobalSection
EndGlobal
